id: atsc3_cyclicprefixer_cc
label: ATSC 3.0 OFDM Cyclic Prefixer
category: '[ATSC3.0]'

templates:
  imports: import atsc3
  make: atsc3.cyclicprefixer_cc(
          ${subframemode.val},
          ${fftsize.val},
          ${numpayloadsyms},
          ${numpreamblesyms},
          ${guardinterval.val},
          ${altfftsize.val},
          ${altnumpayloadsyms},
          ${altnumpreamblesyms},
          ${altguardinterval.val},
          ${flmode.val},
          ${flen},
          ${fftsize.vlength})

parameters:
-   id: subframemode
    label: Subframe Mode
    dtype: enum
    options: [CYCLICPREFIXER_SINGLE_SUBFRAME, CYCLICPREFIXER_DUAL_SUBFRAME_PLP0, CYCLICPREFIXER_DUAL_SUBFRAME_PLP1]
    option_labels: ['Single', 'Dual (PLP0)', Dual (PLP1)]
    option_attributes:
        hide_alt: [all, none, none]
        val: [atsc3.CYCLICPREFIXER_SINGLE_SUBFRAME, atsc3.CYCLICPREFIXER_DUAL_SUBFRAME_PLP0, atsc3.CYCLICPREFIXER_DUAL_SUBFRAME_PLP1]
    default: CYCLICPREFIXER_SINGLE_SUBFRAME
    hide: 'part'
-   id: fftsize
    label: FFT Size
    dtype: enum
    options: [FFTSIZE_8K, FFTSIZE_16K, FFTSIZE_32K]
    option_labels: [8K, 16K, 32K]
    option_attributes:
        val: [atsc3.FFTSIZE_8K, atsc3.FFTSIZE_16K, atsc3.FFTSIZE_32K]
        vlength: [8192, 16384, 32768]
-   id: numpayloadsyms
    label: Number of Payload Symbols
    dtype: int
    default: '72'
-   id: numpreamblesyms
    label: Number of Preamble Symbols
    dtype: int
    default: '2'
-   id: guardinterval
    label: Guard Interval Samples
    dtype: enum
    options: [GI_1_192, GI_2_384, GI_3_512, GI_4_768, GI_5_1024, GI_6_1536, GI_7_2048, GI_8_2432, GI_9_3072, GI_10_3648, GI_11_4096, GI_12_4864]
    option_labels: [192, 384, 512, 768, 1024, 1536, 2048, 2432, 3072, 3648, 4096, 4864]
    option_attributes:
        val: [atsc3.GI_1_192, atsc3.GI_2_384, atsc3.GI_3_512, atsc3.GI_4_768, atsc3.GI_5_1024, atsc3.GI_6_1536, atsc3.GI_7_2048, atsc3.GI_8_2432, atsc3.GI_9_3072, atsc3.GI_10_3648, atsc3.GI_11_4096, atsc3.GI_12_4864]
-   id: altfftsize
    label: Alt FFT Size
    dtype: enum
    options: [FFTSIZE_8K, FFTSIZE_16K, FFTSIZE_32K]
    option_labels: [8K, 16K, 32K]
    option_attributes:
        val: [atsc3.FFTSIZE_8K, atsc3.FFTSIZE_16K, atsc3.FFTSIZE_32K]
        vlength: [8192, 16384, 32768]
    hide: ${ subframemode.hide_alt }
-   id: altnumpayloadsyms
    label: Alt Number of Payload Symbols
    dtype: int
    default: '72'
    hide: ${ subframemode.hide_alt }
-   id: altnumpreamblesyms
    label: Alt Number of Preamble Symbols
    dtype: int
    default: '2'
    hide: ${ subframemode.hide_alt }
-   id: altguardinterval
    label: Alt Guard Interval Samples
    dtype: enum
    options: [GI_1_192, GI_2_384, GI_3_512, GI_4_768, GI_5_1024, GI_6_1536, GI_7_2048, GI_8_2432, GI_9_3072, GI_10_3648, GI_11_4096, GI_12_4864]
    option_labels: [192, 384, 512, 768, 1024, 1536, 2048, 2432, 3072, 3648, 4096, 4864]
    option_attributes:
        val: [atsc3.GI_1_192, atsc3.GI_2_384, atsc3.GI_3_512, atsc3.GI_4_768, atsc3.GI_5_1024, atsc3.GI_6_1536, atsc3.GI_7_2048, atsc3.GI_8_2432, atsc3.GI_9_3072, atsc3.GI_10_3648, atsc3.GI_11_4096, atsc3.GI_12_4864]
    hide: ${ subframemode.hide_alt }
-   id: flmode
    label: Frame Length Mode
    dtype: enum
    default: FLM_SYMBOL_ALIGNED
    options: [FLM_TIME_ALIGNED, FLM_SYMBOL_ALIGNED]
    option_labels: [Time Aligned, Symbol Aligned]
    option_attributes:
        hide_flen: [none, all]
        val: [atsc3.FLM_TIME_ALIGNED, atsc3.FLM_SYMBOL_ALIGNED]
-   id: flen
    label: Frame Length (ms)
    dtype: int
    default: '100'
    hide: ${ flmode.hide_flen }

inputs:
-   domain: stream
    dtype: complex
    vlen: ${fftsize.vlength}

outputs:
-   domain: stream
    dtype: complex

asserts:
- ${ (flen % 5) == 0}
- ${ flen >= 50}
- ${ flen <= 5000}

file_format: 1
