id: atsc3_framemapper_cc
label: ATSC3.0 Frame Mapper
category: '[ATSC3.0]'

templates:
  imports: import atsc3
  make: atsc3.framemapper_cc(${framesize.val}, ${rate.val}, ${constellation.val}, ${fftsize.val}, ${guardinterval.val}, ${l1bmode.val}, ${l1dmode.val})

parameters:
-   id: framesize
    label: FECFRAME size
    dtype: enum
    options: [FECFRAME_NORMAL, FECFRAME_SHORT]
    option_labels: [Normal, Short]
    option_attributes:
        val: [atsc3.FECFRAME_NORMAL, atsc3.FECFRAME_SHORT]
-   id: rate
    label: Code rate
    dtype: enum
    options: [C2_15, C3_15, C4_15, C5_15, C6_15, C7_15, C8_15, C9_15, C10_15, C11_15, C12_15, C13_15]
    option_labels: [2/15, 3/15, 4/15, 5/15, 6/15, 7/15, 8/15, 9/15, 10/15, 11/15, 12/15, 13/15]
    option_attributes:
        val: [atsc3.C2_15, atsc3.C3_15, atsc3.C4_15, atsc3.C5_15, atsc3.C6_15, atsc3.C7_15, atsc3.C8_15, atsc3.C9_15, atsc3.C10_15, atsc3.C11_15, atsc3.C12_15, atsc3.C13_15]
-   id: constellation
    label: Constellation
    dtype: enum
    options: [MOD_QPSK, MOD_16QAM, MOD_64QAM, MOD_256QAM]
    option_labels: [QPSK, 16QAM, 64QAM, 256QAM]
    option_attributes:
        val: [atsc3.MOD_QPSK, atsc3.MOD_16QAM, atsc3.MOD_64QAM, atsc3.MOD_256QAM]
-   id: fftsize
    label: FFT Size
    dtype: enum
    options: [FFTSIZE_8K, FFTSIZE_16K, FFTSIZE_32K]
    option_labels: [8K, 16K, 32K]
    option_attributes:
        val: [atsc3.FFTSIZE_8K, atsc3.FFTSIZE_16K, atsc3.FFTSIZE_32K]
-   id: guardinterval
    label: Guard Interval samples
    dtype: enum
    options: [GI_1_192, GI_2_384, GI_3_512, GI_4_768, GI_5_1024, GI_6_1536, GI_7_2048, GI_8_2432, GI_9_3072, GI_10_3648, GI_11_4096, GI_12_4864]
    option_labels: [192, 384, 512, 768, 1024, 1536, 2048, 2432, 3072, 3648, 4096, 4864]
    option_attributes:
        val: [atsc3.GI_1_192, atsc3.GI_2_384, atsc3.GI_3_512, atsc3.GI_4_768, atsc3.GI_5_1024, atsc3.GI_6_1536, atsc3.GI_7_2048, atsc3.GI_8_2432, atsc3.GI_9_3072, atsc3.GI_10_3648, atsc3.GI_11_4096, atsc3.GI_12_4864]
-   id: l1bmode
    label: L1 Basic Mode
    dtype: enum
    options: [L1_FEC_MODE_1, L1_FEC_MODE_2, L1_FEC_MODE_3, L1_FEC_MODE_4, L1_FEC_MODE_5, L1_FEC_MODE_6, L1_FEC_MODE_7]
    option_labels: [Mode 1, Mode 2, Mode 3, Mode 4, Mode 5, Mode 6, Mode 7]
    option_attributes:
        val: [atsc3.L1_FEC_MODE_1, atsc3.L1_FEC_MODE_2, atsc3.L1_FEC_MODE_3, atsc3.L1_FEC_MODE_4, atsc3.L1_FEC_MODE_5, atsc3.L1_FEC_MODE_6, atsc3.L1_FEC_MODE_7]
-   id: l1dmode
    label: L1 Detail Mode
    dtype: enum
    options: [L1_FEC_MODE_1, L1_FEC_MODE_2, L1_FEC_MODE_3, L1_FEC_MODE_4, L1_FEC_MODE_5, L1_FEC_MODE_6, L1_FEC_MODE_7]
    option_labels: [Mode 1, Mode 2, Mode 3, Mode 4, Mode 5, Mode 6, Mode 7]
    option_attributes:
        val: [atsc3.L1_FEC_MODE_1, atsc3.L1_FEC_MODE_2, atsc3.L1_FEC_MODE_3, atsc3.L1_FEC_MODE_4, atsc3.L1_FEC_MODE_5, atsc3.L1_FEC_MODE_6, atsc3.L1_FEC_MODE_7]

inputs:
-   domain: stream
    dtype: complex

outputs:
-   domain: stream
    dtype: complex

file_format: 1
