id: atsc3_freqinterleaver_cc
label: ATSC3.0 Frequency Interleaver
category: '[ATSC3.0]'

templates:
  imports: import atsc3
  make: |-
      atsc3.freqinterleaver_cc(
          ${fftsize.val},
          ${numpayloadsyms},
          ${numpreamblesyms},
          ${guardinterval.val},
          ${pilotpattern.val},
          ${firstsbs.val},
          ${mode.val},
          ${cred.val})

parameters:
-   id: fftsize
    label: FFT Size
    dtype: enum
    options: [FFTSIZE_8K, FFTSIZE_16K, FFTSIZE_32K]
    option_labels: [8K, 16K, 32K]
    option_attributes:
        val: [atsc3.FFTSIZE_8K, atsc3.FFTSIZE_16K, atsc3.FFTSIZE_32K]
-   id: numpayloadsyms
    label: Number of Payload Symbols
    dtype: int
    default: '72'
-   id: numpreamblesyms
    label: Number of Preamble Symbols
    dtype: int
    default: '2'
-   id: guardinterval
    label: Guard Interval samples
    dtype: enum
    options: [GI_1_192, GI_2_384, GI_3_512, GI_4_768, GI_5_1024, GI_6_1536, GI_7_2048, GI_8_2432, GI_9_3072, GI_10_3648, GI_11_4096, GI_12_4864]
    option_labels: [192, 384, 512, 768, 1024, 1536, 2048, 2432, 3072, 3648, 4096, 4864]
    option_attributes:
        val: [atsc3.GI_1_192, atsc3.GI_2_384, atsc3.GI_3_512, atsc3.GI_4_768, atsc3.GI_5_1024, atsc3.GI_6_1536, atsc3.GI_7_2048, atsc3.GI_8_2432, atsc3.GI_9_3072, atsc3.GI_10_3648, atsc3.GI_11_4096, atsc3.GI_12_4864]
-   id: pilotpattern
    label: Pilot Pattern
    dtype: enum
    options: [PILOT_SP3_2, PILOT_SP3_4, PILOT_SP4_2, PILOT_SP4_4, PILOT_SP6_2, PILOT_SP6_4, PILOT_SP8_2, PILOT_SP8_4, PILOT_SP12_2, PILOT_SP12_4, PILOT_SP16_2, PILOT_SP16_4, PILOT_SP24_2, PILOT_SP24_4, PILOT_SP32_2, PILOT_SP32_4]
    option_labels: [SP3_2, SP3_4, SP4_2, SP4_4, SP6_2, SP6_4, SP8_2, SP8_4, SP12_2, SP12_4, SP16_2, SP16_4, SP24_2, SP24_4, SP32_2, SP32_4]
    option_attributes:
        val: [atsc3.PILOT_SP3_2, atsc3.PILOT_SP3_4, atsc3.PILOT_SP4_2, atsc3.PILOT_SP4_4, atsc3.PILOT_SP6_2, atsc3.PILOT_SP6_4, atsc3.PILOT_SP8_2, atsc3.PILOT_SP8_4, atsc3.PILOT_SP12_2, atsc3.PILOT_SP12_4, atsc3.PILOT_SP16_2, atsc3.PILOT_SP16_4, atsc3.PILOT_SP24_2, atsc3.PILOT_SP24_4, atsc3.PILOT_SP32_2, atsc3.PILOT_SP32_4]
-   id: firstsbs
    label: First SBS insertion
    dtype: enum
    options: [SBS_OFF, SBS_ON]
    option_labels: [Disabled, Enabled]
    option_attributes:
        val: [atsc3.SBS_OFF, atsc3.SBS_ON]
-   id: mode
    label: Interleave Mode
    dtype: enum
    options: [FREQ_PREAMBLE_ONLY, FREQ_ALL_SYMBOLS]
    option_labels: [Preamble Only, All Symbols]
    option_attributes:
        val: [atsc3.FREQ_PREAMBLE_ONLY, atsc3.FREQ_ALL_SYMBOLS]
-   id: cred
    label: Reduced Carriers
    dtype: enum
    options: [CRED_0, CRED_1, CRED_2, CRED_3, CRED_4]
    option_labels: [5.833 MHz, 5.752 MHz, 5.671 MHz, 5.590 MHz, 5.509 MHz]
    option_attributes:
        val: [atsc3.CRED_0, atsc3.CRED_1, atsc3.CRED_2, atsc3.CRED_3, atsc3.CRED_4]

inputs:
-   domain: stream
    dtype: complex

outputs:
-   domain: stream
    dtype: complex

file_format: 1
